
Microsoft Visual Studio Solution File, Format Version 12.00
# Visual Studio Version 17
VisualStudioVersion = 17.14.36414.22 d17.14
MinimumVisualStudioVersion = 10.0.40219.1
Project("{FAE04EC0-301F-11D3-BF4B-00C04F79EFBC}") = "ConsoleAppJobbMintAzExcell", "ConsoleAppJobbMintAzExcell\ConsoleAppJobbMintAzExcell.csproj", "{AA01BAD9-516C-484F-9685-68B803AB5F06}"
EndProject
Global
	GlobalSection(SolutionConfigurationPlatforms) = preSolution
		Debug|Any CPU = Debug|Any CPU
		Release|Any CPU = Release|Any CPU
	EndGlobalSection
	GlobalSection(ProjectConfigurationPlatforms) = postSolution
		{AA01BAD9-516C-484F-9685-68B803AB5F06}.Debug|Any CPU.ActiveCfg = Debug|Any CPU
		{AA01BAD9-516C-484F-9685-68B803AB5F06}.Debug|Any CPU.Build.0 = Debug|Any CPU
		{AA01BAD9-516C-484F-9685-68B803AB5F06}.Release|Any CPU.ActiveCfg = Release|Any CPU
		{AA01BAD9-516C-484F-9685-68B803AB5F06}.Release|Any CPU.Build.0 = Release|Any CPU
	EndGlobalSection
	GlobalSection(SolutionProperties) = preSolution
		HideSolutionNode = FALSE
	EndGlobalSection
	GlobalSection(ExtensibilityGlobals) = postSolution
		SolutionGuid = {29754191-6AC6-4B83-9FBE-332869E120C5}
	EndGlobalSection
EndGlobal
